{
  "object": {
    "pins": [
      {
        "package": "SchedulerKit",
        "repositoryURL": "https://github.com/scheduler-kit/SchedulerKit",
        "state": {
          "branch": "main",
          "revision": "3ba85db30629ae0347da7bb362b5080eae6053f4",
          "version": null
        }
      },
      {
        "package": "SnapKit",
        "repositoryURL": "https://github.com/SnapKit/SnapKit",
        "state": {
          "branch": null,
          "revision": "d458564516e5676af9c70b4f4b2a9178294f1bc6",
          "version": "5.0.1"
        }
      }
    ]
  },
  "version": 1
}
