// !$*UTF8*$!
{
	archiveVersion = 1;
	classes = {
	};
	objectVersion = 52;
	objects = {

/* Begin PBXBuildFile section */
		A50FAAC6272D92DB00ED593C /* AppDelegate.swift in Sources */ = {isa = PBXBuildFile; fileRef = A50FAAC5272D92DB00ED593C /* AppDelegate.swift */; };
		A50FAACF272D92DB00ED593C /* Assets.xcassets in Resources */ = {isa = PBXBuildFile; fileRef = A50FAACE272D92DB00ED593C /* Assets.xcassets */; };
		A50FAAD2272D92DB00ED593C /* LaunchScreen.storyboard in Resources */ = {isa = PBXBuildFile; fileRef = A50FAAD0272D92DB00ED593C /* LaunchScreen.storyboard */; };
		A51A8C6E272DB3770073E892 /* FirstTabViewController.swift in Sources */ = {isa = PBXBuildFile; fileRef = A51A8C6D272DB3770073E892 /* FirstTabViewController.swift */; };
		A51A8C71272DB6B00073E892 /* NiblessViewController.swift in Sources */ = {isa = PBXBuildFile; fileRef = A51A8C70272DB6B00073E892 /* NiblessViewController.swift */; };
		A51E379427331FBF009E6C5E /* SchedulerKit in Frameworks */ = {isa = PBXBuildFile; productRef = A51E379327331FBF009E6C5E /* SchedulerKit */; };
		A51E379627331FBF009E6C5E /* SchedulerKitTestUtils in Frameworks */ = {isa = PBXBuildFile; productRef = A51E379527331FBF009E6C5E /* SchedulerKitTestUtils */; };
		A52904B4273328FA00C4EB4A /* TabBarProtocols.swift in Sources */ = {isa = PBXBuildFile; fileRef = A52904B3273328FA00C4EB4A /* TabBarProtocols.swift */; };
		A5374F8827357CED0001A7DD /* SecondTabViewController.swift in Sources */ = {isa = PBXBuildFile; fileRef = A5374F8727357CED0001A7DD /* SecondTabViewController.swift */; };
		A5374F8A27357D120001A7DD /* SecondTabCore.swift in Sources */ = {isa = PBXBuildFile; fileRef = A5374F8927357D120001A7DD /* SecondTabCore.swift */; };
		A5374F8C27357D960001A7DD /* ThirdTabViewController.swift in Sources */ = {isa = PBXBuildFile; fileRef = A5374F8B27357D960001A7DD /* ThirdTabViewController.swift */; };
		A5374F8E27357DDC0001A7DD /* ThirdTabCore.swift in Sources */ = {isa = PBXBuildFile; fileRef = A5374F8D27357DDC0001A7DD /* ThirdTabCore.swift */; };
		A5374F96273584810001A7DD /* ApplicationTab.swift in Sources */ = {isa = PBXBuildFile; fileRef = A5374F95273584810001A7DD /* ApplicationTab.swift */; };
		A53EF43E272F0B0D00673970 /* TabBarControllerTests.swift in Sources */ = {isa = PBXBuildFile; fileRef = A53EF43D272F0B0D00673970 /* TabBarControllerTests.swift */; };
		A53EF440272F21EC00673970 /* N_PlateUITests.swift in Sources */ = {isa = PBXBuildFile; fileRef = A53EF43F272F21EB00673970 /* N_PlateUITests.swift */; };
		A5C1E3282731ECC4004FE5DE /* Combine+Extensions.swift in Sources */ = {isa = PBXBuildFile; fileRef = A5C1E3272731ECC4004FE5DE /* Combine+Extensions.swift */; };
		A5D73717272E9C2D009CC3AC /* FirstTabCore.swift in Sources */ = {isa = PBXBuildFile; fileRef = A5D73716272E9C2D009CC3AC /* FirstTabCore.swift */; };
		A5D73719272E9F06009CC3AC /* TabBarController.swift in Sources */ = {isa = PBXBuildFile; fileRef = A5D73718272E9F06009CC3AC /* TabBarController.swift */; };
		A5D7371B272EA197009CC3AC /* TabBarCore.swift in Sources */ = {isa = PBXBuildFile; fileRef = A5D7371A272EA197009CC3AC /* TabBarCore.swift */; };
		A5D7371D272EAC6D009CC3AC /* SceneDelegate.swift in Sources */ = {isa = PBXBuildFile; fileRef = A5D7371C272EAC6D009CC3AC /* SceneDelegate.swift */; };
		F444EA782731B13A009B1097 /* SnapKit in Frameworks */ = {isa = PBXBuildFile; productRef = F444EA772731B13A009B1097 /* SnapKit */; };
		F444EA7A2731B992009B1097 /* TabBarCoreTests.swift in Sources */ = {isa = PBXBuildFile; fileRef = F444EA792731B992009B1097 /* TabBarCoreTests.swift */; };
/* End PBXBuildFile section */

/* Begin PBXContainerItemProxy section */
		A50FAAD9272D92DB00ED593C /* PBXContainerItemProxy */ = {
			isa = PBXContainerItemProxy;
			containerPortal = A50FAABA272D92DB00ED593C /* Project object */;
			proxyType = 1;
			remoteGlobalIDString = A50FAAC1272D92DB00ED593C;
			remoteInfo = "N-Plate";
		};
		A50FAAE4272D92DB00ED593C /* PBXContainerItemProxy */ = {
			isa = PBXContainerItemProxy;
			containerPortal = A50FAABA272D92DB00ED593C /* Project object */;
			proxyType = 1;
			remoteGlobalIDString = A50FAAC1272D92DB00ED593C;
			remoteInfo = "N-Plate";
		};
/* End PBXContainerItemProxy section */

/* Begin PBXFileReference section */
		A50FAAC2272D92DB00ED593C /* N-Plate.app */ = {isa = PBXFileReference; explicitFileType = wrapper.application; includeInIndex = 0; path = "N-Plate.app"; sourceTree = BUILT_PRODUCTS_DIR; };
		A50FAAC5272D92DB00ED593C /* AppDelegate.swift */ = {isa = PBXFileReference; lastKnownFileType = sourcecode.swift; path = AppDelegate.swift; sourceTree = "<group>"; };
		A50FAACE272D92DB00ED593C /* Assets.xcassets */ = {isa = PBXFileReference; lastKnownFileType = folder.assetcatalog; path = Assets.xcassets; sourceTree = "<group>"; };
		A50FAAD1272D92DB00ED593C /* Base */ = {isa = PBXFileReference; lastKnownFileType = file.storyboard; name = Base; path = Base.lproj/LaunchScreen.storyboard; sourceTree = "<group>"; };
		A50FAAD3272D92DB00ED593C /* Info.plist */ = {isa = PBXFileReference; lastKnownFileType = text.plist.xml; path = Info.plist; sourceTree = "<group>"; };
		A50FAAD8272D92DB00ED593C /* N-PlateTests.xctest */ = {isa = PBXFileReference; explicitFileType = wrapper.cfbundle; includeInIndex = 0; path = "N-PlateTests.xctest"; sourceTree = BUILT_PRODUCTS_DIR; };
		A50FAADE272D92DB00ED593C /* Info.plist */ = {isa = PBXFileReference; lastKnownFileType = text.plist.xml; path = Info.plist; sourceTree = "<group>"; };
		A50FAAE3272D92DB00ED593C /* N-PlateUITests.xctest */ = {isa = PBXFileReference; explicitFileType = wrapper.cfbundle; includeInIndex = 0; path = "N-PlateUITests.xctest"; sourceTree = BUILT_PRODUCTS_DIR; };
		A50FAAE9272D92DB00ED593C /* Info.plist */ = {isa = PBXFileReference; lastKnownFileType = text.plist.xml; path = Info.plist; sourceTree = "<group>"; };
		A51A8C6D272DB3770073E892 /* FirstTabViewController.swift */ = {isa = PBXFileReference; lastKnownFileType = sourcecode.swift; path = FirstTabViewController.swift; sourceTree = "<group>"; };
		A51A8C70272DB6B00073E892 /* NiblessViewController.swift */ = {isa = PBXFileReference; lastKnownFileType = sourcecode.swift; path = NiblessViewController.swift; sourceTree = "<group>"; };
		A52904B3273328FA00C4EB4A /* TabBarProtocols.swift */ = {isa = PBXFileReference; lastKnownFileType = sourcecode.swift; path = TabBarProtocols.swift; sourceTree = "<group>"; };
		A5374F8727357CED0001A7DD /* SecondTabViewController.swift */ = {isa = PBXFileReference; lastKnownFileType = sourcecode.swift; path = SecondTabViewController.swift; sourceTree = "<group>"; };
		A5374F8927357D120001A7DD /* SecondTabCore.swift */ = {isa = PBXFileReference; lastKnownFileType = sourcecode.swift; path = SecondTabCore.swift; sourceTree = "<group>"; };
		A5374F8B27357D960001A7DD /* ThirdTabViewController.swift */ = {isa = PBXFileReference; lastKnownFileType = sourcecode.swift; path = ThirdTabViewController.swift; sourceTree = "<group>"; };
		A5374F8D27357DDC0001A7DD /* ThirdTabCore.swift */ = {isa = PBXFileReference; lastKnownFileType = sourcecode.swift; path = ThirdTabCore.swift; sourceTree = "<group>"; };
		A5374F95273584810001A7DD /* ApplicationTab.swift */ = {isa = PBXFileReference; lastKnownFileType = sourcecode.swift; path = ApplicationTab.swift; sourceTree = "<group>"; };
		A53EF43D272F0B0D00673970 /* TabBarControllerTests.swift */ = {isa = PBXFileReference; lastKnownFileType = sourcecode.swift; path = TabBarControllerTests.swift; sourceTree = "<group>"; };
		A53EF43F272F21EB00673970 /* N_PlateUITests.swift */ = {isa = PBXFileReference; fileEncoding = 4; lastKnownFileType = sourcecode.swift; path = N_PlateUITests.swift; sourceTree = "<group>"; };
		A5C1E3272731ECC4004FE5DE /* Combine+Extensions.swift */ = {isa = PBXFileReference; lastKnownFileType = sourcecode.swift; path = "Combine+Extensions.swift"; sourceTree = "<group>"; };
		A5D73716272E9C2D009CC3AC /* FirstTabCore.swift */ = {isa = PBXFileReference; lastKnownFileType = sourcecode.swift; path = FirstTabCore.swift; sourceTree = "<group>"; };
		A5D73718272E9F06009CC3AC /* TabBarController.swift */ = {isa = PBXFileReference; lastKnownFileType = sourcecode.swift; path = TabBarController.swift; sourceTree = "<group>"; };
		A5D7371A272EA197009CC3AC /* TabBarCore.swift */ = {isa = PBXFileReference; lastKnownFileType = sourcecode.swift; path = TabBarCore.swift; sourceTree = "<group>"; };
		A5D7371C272EAC6D009CC3AC /* SceneDelegate.swift */ = {isa = PBXFileReference; fileEncoding = 4; lastKnownFileType = sourcecode.swift; path = SceneDelegate.swift; sourceTree = "<group>"; };
		F444EA792731B992009B1097 /* TabBarCoreTests.swift */ = {isa = PBXFileReference; lastKnownFileType = sourcecode.swift; path = TabBarCoreTests.swift; sourceTree = "<group>"; };
/* End PBXFileReference section */

/* Begin PBXFrameworksBuildPhase section */
		A50FAABF272D92DB00ED593C /* Frameworks */ = {
			isa = PBXFrameworksBuildPhase;
			buildActionMask = 2147483647;
			files = (
				F444EA782731B13A009B1097 /* SnapKit in Frameworks */,
				A51E379427331FBF009E6C5E /* SchedulerKit in Frameworks */,
			);
			runOnlyForDeploymentPostprocessing = 0;
		};
		A50FAAD5272D92DB00ED593C /* Frameworks */ = {
			isa = PBXFrameworksBuildPhase;
			buildActionMask = 2147483647;
			files = (
				A51E379627331FBF009E6C5E /* SchedulerKitTestUtils in Frameworks */,
			);
			runOnlyForDeploymentPostprocessing = 0;
		};
		A50FAAE0272D92DB00ED593C /* Frameworks */ = {
			isa = PBXFrameworksBuildPhase;
			buildActionMask = 2147483647;
			files = (
			);
			runOnlyForDeploymentPostprocessing = 0;
		};
/* End PBXFrameworksBuildPhase section */

/* Begin PBXGroup section */
		A50FAAB9272D92DB00ED593C = {
			isa = PBXGroup;
			children = (
				A50FAAC4272D92DB00ED593C /* N-Plate */,
				A50FAADB272D92DB00ED593C /* N-PlateTests */,
				A50FAAE6272D92DB00ED593C /* N-PlateUITests */,
				A50FAAC3272D92DB00ED593C /* Products */,
			);
			sourceTree = "<group>";
		};
		A50FAAC3272D92DB00ED593C /* Products */ = {
			isa = PBXGroup;
			children = (
				A50FAAC2272D92DB00ED593C /* N-Plate.app */,
				A50FAAD8272D92DB00ED593C /* N-PlateTests.xctest */,
				A50FAAE3272D92DB00ED593C /* N-PlateUITests.xctest */,
			);
			name = Products;
			sourceTree = "<group>";
		};
		A50FAAC4272D92DB00ED593C /* N-Plate */ = {
			isa = PBXGroup;
			children = (
				A51A8C6C272DB1160073E892 /* Application */,
				A5D73711272E85D3009CC3AC /* Navigation */,
				A5D73710272E8584009CC3AC /* Presentation */,
				A5D7370E272E854F009CC3AC /* Data */,
				A5D7370D272E850E009CC3AC /* Networking */,
				A51A8C6F272DB68D0073E892 /* PlateUI */,
				A51A8C6B272DB10B0073E892 /* Supporting Files */,
			);
			path = "N-Plate";
			sourceTree = "<group>";
		};
		A50FAADB272D92DB00ED593C /* N-PlateTests */ = {
			isa = PBXGroup;
			children = (
				A53EF43C272F0ABB00673970 /* Presentation */,
				A50FAADE272D92DB00ED593C /* Info.plist */,
			);
			path = "N-PlateTests";
			sourceTree = "<group>";
		};
		A50FAAE6272D92DB00ED593C /* N-PlateUITests */ = {
			isa = PBXGroup;
			children = (
				A53EF43F272F21EB00673970 /* N_PlateUITests.swift */,
				A50FAAE9272D92DB00ED593C /* Info.plist */,
			);
			path = "N-PlateUITests";
			sourceTree = "<group>";
		};
		A51A8C6B272DB10B0073E892 /* Supporting Files */ = {
			isa = PBXGroup;
			children = (
				A50FAAD0272D92DB00ED593C /* LaunchScreen.storyboard */,
				A50FAACE272D92DB00ED593C /* Assets.xcassets */,
				A50FAAD3272D92DB00ED593C /* Info.plist */,
			);
			path = "Supporting Files";
			sourceTree = "<group>";
		};
		A51A8C6C272DB1160073E892 /* Application */ = {
			isa = PBXGroup;
			children = (
				A5C1E3262731ECB0004FE5DE /* Extensions */,
				A50FAAC5272D92DB00ED593C /* AppDelegate.swift */,
				A5D7371C272EAC6D009CC3AC /* SceneDelegate.swift */,
			);
			path = Application;
			sourceTree = "<group>";
		};
		A51A8C6F272DB68D0073E892 /* PlateUI */ = {
			isa = PBXGroup;
			children = (
				A51A8C70272DB6B00073E892 /* NiblessViewController.swift */,
			);
			path = PlateUI;
			sourceTree = "<group>";
		};
		A5374F8F27357E6F0001A7DD /* TabBarTests */ = {
			isa = PBXGroup;
			children = (
				A53EF43D272F0B0D00673970 /* TabBarControllerTests.swift */,
				F444EA792731B992009B1097 /* TabBarCoreTests.swift */,
			);
			path = TabBarTests;
			sourceTree = "<group>";
		};
		A5374F9027357E7D0001A7DD /* FirstTabTests */ = {
			isa = PBXGroup;
			children = (
			);
			path = FirstTabTests;
			sourceTree = "<group>";
		};
		A5374F9127357E870001A7DD /* SecondTabTests */ = {
			isa = PBXGroup;
			children = (
			);
			path = SecondTabTests;
			sourceTree = "<group>";
		};
		A5374F9227357E8D0001A7DD /* ThirdTabTests */ = {
			isa = PBXGroup;
			children = (
			);
			path = ThirdTabTests;
			sourceTree = "<group>";
		};
		A53EF43C272F0ABB00673970 /* Presentation */ = {
			isa = PBXGroup;
			children = (
				A5374F9227357E8D0001A7DD /* ThirdTabTests */,
				A5374F9127357E870001A7DD /* SecondTabTests */,
				A5374F9027357E7D0001A7DD /* FirstTabTests */,
				A5374F8F27357E6F0001A7DD /* TabBarTests */,
			);
			path = Presentation;
			sourceTree = "<group>";
		};
		A5C1E3262731ECB0004FE5DE /* Extensions */ = {
			isa = PBXGroup;
			children = (
				A5C1E3272731ECC4004FE5DE /* Combine+Extensions.swift */,
			);
			path = Extensions;
			sourceTree = "<group>";
		};
		A5D7370D272E850E009CC3AC /* Networking */ = {
			isa = PBXGroup;
			children = (
			);
			path = Networking;
			sourceTree = "<group>";
		};
		A5D7370E272E854F009CC3AC /* Data */ = {
			isa = PBXGroup;
			children = (
			);
			path = Data;
			sourceTree = "<group>";
		};
		A5D73710272E8584009CC3AC /* Presentation */ = {
			isa = PBXGroup;
			children = (
				A5D73712272E8620009CC3AC /* Tabbar */,
				A5D73715272E8664009CC3AC /* ThirdTab */,
				A5D73714272E865E009CC3AC /* SecondTab */,
				A5D73713272E8658009CC3AC /* FirstTab */,
			);
			path = Presentation;
			sourceTree = "<group>";
		};
		A5D73711272E85D3009CC3AC /* Navigation */ = {
			isa = PBXGroup;
			children = (
			);
			path = Navigation;
			sourceTree = "<group>";
		};
		A5D73712272E8620009CC3AC /* Tabbar */ = {
			isa = PBXGroup;
			children = (
				A5D73718272E9F06009CC3AC /* TabBarController.swift */,
				A5D7371A272EA197009CC3AC /* TabBarCore.swift */,
				A52904B3273328FA00C4EB4A /* TabBarProtocols.swift */,
				A5374F95273584810001A7DD /* ApplicationTab.swift */,
			);
			path = Tabbar;
			sourceTree = "<group>";
		};
		A5D73713272E8658009CC3AC /* FirstTab */ = {
			isa = PBXGroup;
			children = (
				A51A8C6D272DB3770073E892 /* FirstTabViewController.swift */,
				A5D73716272E9C2D009CC3AC /* FirstTabCore.swift */,
			);
			path = FirstTab;
			sourceTree = "<group>";
		};
		A5D73714272E865E009CC3AC /* SecondTab */ = {
			isa = PBXGroup;
			children = (
				A5374F8727357CED0001A7DD /* SecondTabViewController.swift */,
				A5374F8927357D120001A7DD /* SecondTabCore.swift */,
			);
			path = SecondTab;
			sourceTree = "<group>";
		};
		A5D73715272E8664009CC3AC /* ThirdTab */ = {
			isa = PBXGroup;
			children = (
				A5374F8B27357D960001A7DD /* ThirdTabViewController.swift */,
				A5374F8D27357DDC0001A7DD /* ThirdTabCore.swift */,
			);
			path = ThirdTab;
			sourceTree = "<group>";
		};
/* End PBXGroup section */

/* Begin PBXNativeTarget section */
		A50FAAC1272D92DB00ED593C /* N-Plate */ = {
			isa = PBXNativeTarget;
			buildConfigurationList = A50FAAEC272D92DB00ED593C /* Build configuration list for PBXNativeTarget "N-Plate" */;
			buildPhases = (
				A50FAABE272D92DB00ED593C /* Sources */,
				A50FAABF272D92DB00ED593C /* Frameworks */,
				A50FAAC0272D92DB00ED593C /* Resources */,
				A5C5123F272DA49F000F5963 /* SwiftLint */,
				A5C51240272DA95E000F5963 /* Swiftformat */,
			);
			buildRules = (
			);
			dependencies = (
			);
			name = "N-Plate";
			packageProductDependencies = (
				F444EA772731B13A009B1097 /* SnapKit */,
				A51E379327331FBF009E6C5E /* SchedulerKit */,
			);
			productName = "N-Plate";
			productReference = A50FAAC2272D92DB00ED593C /* N-Plate.app */;
			productType = "com.apple.product-type.application";
		};
		A50FAAD7272D92DB00ED593C /* N-PlateTests */ = {
			isa = PBXNativeTarget;
			buildConfigurationList = A50FAAEF272D92DB00ED593C /* Build configuration list for PBXNativeTarget "N-PlateTests" */;
			buildPhases = (
				A50FAAD4272D92DB00ED593C /* Sources */,
				A50FAAD5272D92DB00ED593C /* Frameworks */,
				A50FAAD6272D92DB00ED593C /* Resources */,
			);
			buildRules = (
			);
			dependencies = (
				A50FAADA272D92DB00ED593C /* PBXTargetDependency */,
			);
			name = "N-PlateTests";
			packageProductDependencies = (
				A51E379527331FBF009E6C5E /* SchedulerKitTestUtils */,
			);
			productName = "N-PlateTests";
			productReference = A50FAAD8272D92DB00ED593C /* N-PlateTests.xctest */;
			productType = "com.apple.product-type.bundle.unit-test";
		};
		A50FAAE2272D92DB00ED593C /* N-PlateUITests */ = {
			isa = PBXNativeTarget;
			buildConfigurationList = A50FAAF2272D92DB00ED593C /* Build configuration list for PBXNativeTarget "N-PlateUITests" */;
			buildPhases = (
				A50FAADF272D92DB00ED593C /* Sources */,
				A50FAAE0272D92DB00ED593C /* Frameworks */,
				A50FAAE1272D92DB00ED593C /* Resources */,
			);
			buildRules = (
			);
			dependencies = (
				A50FAAE5272D92DB00ED593C /* PBXTargetDependency */,
			);
			name = "N-PlateUITests";
			productName = "N-PlateUITests";
			productReference = A50FAAE3272D92DB00ED593C /* N-PlateUITests.xctest */;
			productType = "com.apple.product-type.bundle.ui-testing";
		};
/* End PBXNativeTarget section */

/* Begin PBXProject section */
		A50FAABA272D92DB00ED593C /* Project object */ = {
			isa = PBXProject;
			attributes = {
				LastSwiftUpdateCheck = 1250;
				LastUpgradeCheck = 1250;
				TargetAttributes = {
					A50FAAC1272D92DB00ED593C = {
						CreatedOnToolsVersion = 12.5.1;
					};
					A50FAAD7272D92DB00ED593C = {
						CreatedOnToolsVersion = 12.5.1;
						TestTargetID = A50FAAC1272D92DB00ED593C;
					};
					A50FAAE2272D92DB00ED593C = {
						CreatedOnToolsVersion = 12.5.1;
						LastSwiftMigration = 1250;
						TestTargetID = A50FAAC1272D92DB00ED593C;
					};
				};
			};
			buildConfigurationList = A50FAABD272D92DB00ED593C /* Build configuration list for PBXProject "N-Plate" */;
			compatibilityVersion = "Xcode 9.3";
			developmentRegion = en;
			hasScannedForEncodings = 0;
			knownRegions = (
				en,
				Base,
			);
			mainGroup = A50FAAB9272D92DB00ED593C;
			packageReferences = (
				F444EA762731B13A009B1097 /* XCRemoteSwiftPackageReference "SnapKit" */,
				A51E379227331FBF009E6C5E /* XCRemoteSwiftPackageReference "SchedulerKit" */,
			);
			productRefGroup = A50FAAC3272D92DB00ED593C /* Products */;
			projectDirPath = "";
			projectRoot = "";
			targets = (
				A50FAAC1272D92DB00ED593C /* N-Plate */,
				A50FAAD7272D92DB00ED593C /* N-PlateTests */,
				A50FAAE2272D92DB00ED593C /* N-PlateUITests */,
			);
		};
/* End PBXProject section */

/* Begin PBXResourcesBuildPhase section */
		A50FAAC0272D92DB00ED593C /* Resources */ = {
			isa = PBXResourcesBuildPhase;
			buildActionMask = 2147483647;
			files = (
				A50FAAD2272D92DB00ED593C /* LaunchScreen.storyboard in Resources */,
				A50FAACF272D92DB00ED593C /* Assets.xcassets in Resources */,
			);
			runOnlyForDeploymentPostprocessing = 0;
		};
		A50FAAD6272D92DB00ED593C /* Resources */ = {
			isa = PBXResourcesBuildPhase;
			buildActionMask = 2147483647;
			files = (
			);
			runOnlyForDeploymentPostprocessing = 0;
		};
		A50FAAE1272D92DB00ED593C /* Resources */ = {
			isa = PBXResourcesBuildPhase;
			buildActionMask = 2147483647;
			files = (
			);
			runOnlyForDeploymentPostprocessing = 0;
		};
/* End PBXResourcesBuildPhase section */

/* Begin PBXShellScriptBuildPhase section */
		A5C5123F272DA49F000F5963 /* SwiftLint */ = {
			isa = PBXShellScriptBuildPhase;
			buildActionMask = 2147483647;
			files = (
			);
			inputFileListPaths = (
			);
			inputPaths = (
			);
			name = SwiftLint;
			outputFileListPaths = (
			);
			outputPaths = (
			);
			runOnlyForDeploymentPostprocessing = 0;
			shellPath = /bin/sh;
			shellScript = "PATH=${PATH}:/opt/homebrew/bin\n\nexport PATH\n\nif which swiftlint >/dev/null; then\n  swiftlint\nelse\n  echo \"warning: SwiftLint not installed, download from https://github.com/realm/SwiftLint\"\nfi\n\n";
		};
		A5C51240272DA95E000F5963 /* Swiftformat */ = {
			isa = PBXShellScriptBuildPhase;
			buildActionMask = 2147483647;
			files = (
			);
			inputFileListPaths = (
			);
			inputPaths = (
			);
			name = Swiftformat;
			outputFileListPaths = (
			);
			outputPaths = (
			);
			runOnlyForDeploymentPostprocessing = 0;
			shellPath = /bin/sh;
			shellScript = "PATH=${PATH}:/opt/homebrew/bin\n\nexport PATH\n\nif which swiftformat >/dev/null; then\n    swiftformat --lint --lenient --verbose .\nelse\n  echo \"warning: SwiftLint not installed, download from https://github.com/realm/SwiftLint\"\nfi\n";
		};
/* End PBXShellScriptBuildPhase section */

/* Begin PBXSourcesBuildPhase section */
		A50FAABE272D92DB00ED593C /* Sources */ = {
			isa = PBXSourcesBuildPhase;
			buildActionMask = 2147483647;
			files = (
				A5374F8C27357D960001A7DD /* ThirdTabViewController.swift in Sources */,
				A5374F8A27357D120001A7DD /* SecondTabCore.swift in Sources */,
				A50FAAC6272D92DB00ED593C /* AppDelegate.swift in Sources */,
				A5D7371D272EAC6D009CC3AC /* SceneDelegate.swift in Sources */,
				A51A8C71272DB6B00073E892 /* NiblessViewController.swift in Sources */,
				A5C1E3282731ECC4004FE5DE /* Combine+Extensions.swift in Sources */,
				A5D73719272E9F06009CC3AC /* TabBarController.swift in Sources */,
				A5D7371B272EA197009CC3AC /* TabBarCore.swift in Sources */,
				A5374F8827357CED0001A7DD /* SecondTabViewController.swift in Sources */,
				A5374F8E27357DDC0001A7DD /* ThirdTabCore.swift in Sources */,
				A51A8C6E272DB3770073E892 /* FirstTabViewController.swift in Sources */,
				A52904B4273328FA00C4EB4A /* TabBarProtocols.swift in Sources */,
				A5374F96273584810001A7DD /* ApplicationTab.swift in Sources */,
				A5D73717272E9C2D009CC3AC /* FirstTabCore.swift in Sources */,
			);
			runOnlyForDeploymentPostprocessing = 0;
		};
		A50FAAD4272D92DB00ED593C /* Sources */ = {
			isa = PBXSourcesBuildPhase;
			buildActionMask = 2147483647;
			files = (
				F444EA7A2731B992009B1097 /* TabBarCoreTests.swift in Sources */,
				A53EF43E272F0B0D00673970 /* TabBarControllerTests.swift in Sources */,
			);
			runOnlyForDeploymentPostprocessing = 0;
		};
		A50FAADF272D92DB00ED593C /* Sources */ = {
			isa = PBXSourcesBuildPhase;
			buildActionMask = 2147483647;
			files = (
				A53EF440272F21EC00673970 /* N_PlateUITests.swift in Sources */,
			);
			runOnlyForDeploymentPostprocessing = 0;
		};
/* End PBXSourcesBuildPhase section */

/* Begin PBXTargetDependency section */
		A50FAADA272D92DB00ED593C /* PBXTargetDependency */ = {
			isa = PBXTargetDependency;
			target = A50FAAC1272D92DB00ED593C /* N-Plate */;
			targetProxy = A50FAAD9272D92DB00ED593C /* PBXContainerItemProxy */;
		};
		A50FAAE5272D92DB00ED593C /* PBXTargetDependency */ = {
			isa = PBXTargetDependency;
			target = A50FAAC1272D92DB00ED593C /* N-Plate */;
			targetProxy = A50FAAE4272D92DB00ED593C /* PBXContainerItemProxy */;
		};
/* End PBXTargetDependency section */

/* Begin PBXVariantGroup section */
		A50FAAD0272D92DB00ED593C /* LaunchScreen.storyboard */ = {
			isa = PBXVariantGroup;
			children = (
				A50FAAD1272D92DB00ED593C /* Base */,
			);
			name = LaunchScreen.storyboard;
			sourceTree = "<group>";
		};
/* End PBXVariantGroup section */

/* Begin XCBuildConfiguration section */
		A50FAAEA272D92DB00ED593C /* Debug */ = {
			isa = XCBuildConfiguration;
			buildSettings = {
				ALWAYS_SEARCH_USER_PATHS = NO;
				CLANG_ANALYZER_NONNULL = YES;
				CLANG_ANALYZER_NUMBER_OBJECT_CONVERSION = YES_AGGRESSIVE;
				CLANG_CXX_LANGUAGE_STANDARD = "gnu++14";
				CLANG_CXX_LIBRARY = "libc++";
				CLANG_ENABLE_MODULES = YES;
				CLANG_ENABLE_OBJC_ARC = YES;
				CLANG_ENABLE_OBJC_WEAK = YES;
				CLANG_WARN_BLOCK_CAPTURE_AUTORELEASING = YES;
				CLANG_WARN_BOOL_CONVERSION = YES;
				CLANG_WARN_COMMA = YES;
				CLANG_WARN_CONSTANT_CONVERSION = YES;
				CLANG_WARN_DEPRECATED_OBJC_IMPLEMENTATIONS = YES;
				CLANG_WARN_DIRECT_OBJC_ISA_USAGE = YES_ERROR;
				CLANG_WARN_DOCUMENTATION_COMMENTS = YES;
				CLANG_WARN_EMPTY_BODY = YES;
				CLANG_WARN_ENUM_CONVERSION = YES;
				CLANG_WARN_INFINITE_RECURSION = YES;
				CLANG_WARN_INT_CONVERSION = YES;
				CLANG_WARN_NON_LITERAL_NULL_CONVERSION = YES;
				CLANG_WARN_OBJC_IMPLICIT_RETAIN_SELF = YES;
				CLANG_WARN_OBJC_LITERAL_CONVERSION = YES;
				CLANG_WARN_OBJC_ROOT_CLASS = YES_ERROR;
				CLANG_WARN_QUOTED_INCLUDE_IN_FRAMEWORK_HEADER = YES;
				CLANG_WARN_RANGE_LOOP_ANALYSIS = YES;
				CLANG_WARN_STRICT_PROTOTYPES = YES;
				CLANG_WARN_SUSPICIOUS_MOVE = YES;
				CLANG_WARN_UNGUARDED_AVAILABILITY = YES_AGGRESSIVE;
				CLANG_WARN_UNREACHABLE_CODE = YES;
				CLANG_WARN__DUPLICATE_METHOD_MATCH = YES;
				COPY_PHASE_STRIP = NO;
				DEBUG_INFORMATION_FORMAT = dwarf;
				ENABLE_STRICT_OBJC_MSGSEND = YES;
				ENABLE_TESTABILITY = YES;
				GCC_C_LANGUAGE_STANDARD = gnu11;
				GCC_DYNAMIC_NO_PIC = NO;
				GCC_NO_COMMON_BLOCKS = YES;
				GCC_OPTIMIZATION_LEVEL = 0;
				GCC_PREPROCESSOR_DEFINITIONS = (
					"DEBUG=1",
					"$(inherited)",
				);
				GCC_WARN_64_TO_32_BIT_CONVERSION = YES;
				GCC_WARN_ABOUT_RETURN_TYPE = YES_ERROR;
				GCC_WARN_UNDECLARED_SELECTOR = YES;
				GCC_WARN_UNINITIALIZED_AUTOS = YES_AGGRESSIVE;
				GCC_WARN_UNUSED_FUNCTION = YES;
				GCC_WARN_UNUSED_VARIABLE = YES;
				IPHONEOS_DEPLOYMENT_TARGET = 14.5;
				MTL_ENABLE_DEBUG_INFO = INCLUDE_SOURCE;
				MTL_FAST_MATH = YES;
				ONLY_ACTIVE_ARCH = YES;
				SDKROOT = iphoneos;
				SWIFT_ACTIVE_COMPILATION_CONDITIONS = DEBUG;
				SWIFT_OPTIMIZATION_LEVEL = "-Onone";
			};
			name = Debug;
		};
		A50FAAEB272D92DB00ED593C /* Release */ = {
			isa = XCBuildConfiguration;
			buildSettings = {
				ALWAYS_SEARCH_USER_PATHS = NO;
				CLANG_ANALYZER_NONNULL = YES;
				CLANG_ANALYZER_NUMBER_OBJECT_CONVERSION = YES_AGGRESSIVE;
				CLANG_CXX_LANGUAGE_STANDARD = "gnu++14";
				CLANG_CXX_LIBRARY = "libc++";
				CLANG_ENABLE_MODULES = YES;
				CLANG_ENABLE_OBJC_ARC = YES;
				CLANG_ENABLE_OBJC_WEAK = YES;
				CLANG_WARN_BLOCK_CAPTURE_AUTORELEASING = YES;
				CLANG_WARN_BOOL_CONVERSION = YES;
				CLANG_WARN_COMMA = YES;
				CLANG_WARN_CONSTANT_CONVERSION = YES;
				CLANG_WARN_DEPRECATED_OBJC_IMPLEMENTATIONS = YES;
				CLANG_WARN_DIRECT_OBJC_ISA_USAGE = YES_ERROR;
				CLANG_WARN_DOCUMENTATION_COMMENTS = YES;
				CLANG_WARN_EMPTY_BODY = YES;
				CLANG_WARN_ENUM_CONVERSION = YES;
				CLANG_WARN_INFINITE_RECURSION = YES;
				CLANG_WARN_INT_CONVERSION = YES;
				CLANG_WARN_NON_LITERAL_NULL_CONVERSION = YES;
				CLANG_WARN_OBJC_IMPLICIT_RETAIN_SELF = YES;
				CLANG_WARN_OBJC_LITERAL_CONVERSION = YES;
				CLANG_WARN_OBJC_ROOT_CLASS = YES_ERROR;
				CLANG_WARN_QUOTED_INCLUDE_IN_FRAMEWORK_HEADER = YES;
				CLANG_WARN_RANGE_LOOP_ANALYSIS = YES;
				CLANG_WARN_STRICT_PROTOTYPES = YES;
				CLANG_WARN_SUSPICIOUS_MOVE = YES;
				CLANG_WARN_UNGUARDED_AVAILABILITY = YES_AGGRESSIVE;
				CLANG_WARN_UNREACHABLE_CODE = YES;
				CLANG_WARN__DUPLICATE_METHOD_MATCH = YES;
				COPY_PHASE_STRIP = NO;
				DEBUG_INFORMATION_FORMAT = "dwarf-with-dsym";
				ENABLE_NS_ASSERTIONS = NO;
				ENABLE_STRICT_OBJC_MSGSEND = YES;
				GCC_C_LANGUAGE_STANDARD = gnu11;
				GCC_NO_COMMON_BLOCKS = YES;
				GCC_WARN_64_TO_32_BIT_CONVERSION = YES;
				GCC_WARN_ABOUT_RETURN_TYPE = YES_ERROR;
				GCC_WARN_UNDECLARED_SELECTOR = YES;
				GCC_WARN_UNINITIALIZED_AUTOS = YES_AGGRESSIVE;
				GCC_WARN_UNUSED_FUNCTION = YES;
				GCC_WARN_UNUSED_VARIABLE = YES;
				IPHONEOS_DEPLOYMENT_TARGET = 14.5;
				MTL_ENABLE_DEBUG_INFO = NO;
				MTL_FAST_MATH = YES;
				SDKROOT = iphoneos;
				SWIFT_COMPILATION_MODE = wholemodule;
				SWIFT_OPTIMIZATION_LEVEL = "-O";
				VALIDATE_PRODUCT = YES;
			};
			name = Release;
		};
		A50FAAED272D92DB00ED593C /* Debug */ = {
			isa = XCBuildConfiguration;
			buildSettings = {
				ASSETCATALOG_COMPILER_APPICON_NAME = AppIcon;
				ASSETCATALOG_COMPILER_GLOBAL_ACCENT_COLOR_NAME = AccentColor;
				CODE_SIGN_STYLE = Automatic;
				INFOPLIST_FILE = "N-Plate/Supporting Files/Info.plist";
				IPHONEOS_DEPLOYMENT_TARGET = 13.0;
				LD_RUNPATH_SEARCH_PATHS = (
					"$(inherited)",
					"@executable_path/Frameworks",
				);
				PRODUCT_BUNDLE_IDENTIFIER = "com.nirma.N-Plate";
				PRODUCT_NAME = "$(TARGET_NAME)";
				SWIFT_VERSION = 5.0;
				TARGETED_DEVICE_FAMILY = 1;
			};
			name = Debug;
		};
		A50FAAEE272D92DB00ED593C /* Release */ = {
			isa = XCBuildConfiguration;
			buildSettings = {
				ASSETCATALOG_COMPILER_APPICON_NAME = AppIcon;
				ASSETCATALOG_COMPILER_GLOBAL_ACCENT_COLOR_NAME = AccentColor;
				CODE_SIGN_STYLE = Automatic;
				INFOPLIST_FILE = "N-Plate/Supporting Files/Info.plist";
				IPHONEOS_DEPLOYMENT_TARGET = 13.0;
				LD_RUNPATH_SEARCH_PATHS = (
					"$(inherited)",
					"@executable_path/Frameworks",
				);
				PRODUCT_BUNDLE_IDENTIFIER = "com.nirma.N-Plate";
				PRODUCT_NAME = "$(TARGET_NAME)";
				SWIFT_VERSION = 5.0;
				TARGETED_DEVICE_FAMILY = 1;
			};
			name = Release;
		};
		A50FAAF0272D92DB00ED593C /* Debug */ = {
			isa = XCBuildConfiguration;
			buildSettings = {
				ALWAYS_EMBED_SWIFT_STANDARD_LIBRARIES = YES;
				BUNDLE_LOADER = "$(TEST_HOST)";
				CODE_SIGN_STYLE = Automatic;
				INFOPLIST_FILE = "N-PlateTests/Info.plist";
				IPHONEOS_DEPLOYMENT_TARGET = 14.5;
				LD_RUNPATH_SEARCH_PATHS = (
					"$(inherited)",
					"@executable_path/Frameworks",
					"@loader_path/Frameworks",
				);
				PRODUCT_BUNDLE_IDENTIFIER = "com.nirma.N-PlateTests";
				PRODUCT_NAME = "$(TARGET_NAME)";
				SWIFT_VERSION = 5.0;
				TARGETED_DEVICE_FAMILY = "1,2";
				TEST_HOST = "$(BUILT_PRODUCTS_DIR)/N-Plate.app/N-Plate";
			};
			name = Debug;
		};
		A50FAAF1272D92DB00ED593C /* Release */ = {
			isa = XCBuildConfiguration;
			buildSettings = {
				ALWAYS_EMBED_SWIFT_STANDARD_LIBRARIES = YES;
				BUNDLE_LOADER = "$(TEST_HOST)";
				CODE_SIGN_STYLE = Automatic;
				INFOPLIST_FILE = "N-PlateTests/Info.plist";
				IPHONEOS_DEPLOYMENT_TARGET = 14.5;
				LD_RUNPATH_SEARCH_PATHS = (
					"$(inherited)",
					"@executable_path/Frameworks",
					"@loader_path/Frameworks",
				);
				PRODUCT_BUNDLE_IDENTIFIER = "com.nirma.N-PlateTests";
				PRODUCT_NAME = "$(TARGET_NAME)";
				SWIFT_VERSION = 5.0;
				TARGETED_DEVICE_FAMILY = "1,2";
				TEST_HOST = "$(BUILT_PRODUCTS_DIR)/N-Plate.app/N-Plate";
			};
			name = Release;
		};
		A50FAAF3272D92DB00ED593C /* Debug */ = {
			isa = XCBuildConfiguration;
			buildSettings = {
				ALWAYS_EMBED_SWIFT_STANDARD_LIBRARIES = YES;
				CLANG_ENABLE_MODULES = YES;
				CODE_SIGN_STYLE = Automatic;
				INFOPLIST_FILE = "N-PlateUITests/Info.plist";
				LD_RUNPATH_SEARCH_PATHS = (
					"$(inherited)",
					"@executable_path/Frameworks",
					"@loader_path/Frameworks",
				);
				PRODUCT_BUNDLE_IDENTIFIER = "com.nirma.N-PlateUITests";
				PRODUCT_NAME = "$(TARGET_NAME)";
				SWIFT_OPTIMIZATION_LEVEL = "-Onone";
				SWIFT_VERSION = 5.0;
				TARGETED_DEVICE_FAMILY = "1,2";
				TEST_TARGET_NAME = "N-Plate";
			};
			name = Debug;
		};
		A50FAAF4272D92DB00ED593C /* Release */ = {
			isa = XCBuildConfiguration;
			buildSettings = {
				ALWAYS_EMBED_SWIFT_STANDARD_LIBRARIES = YES;
				CLANG_ENABLE_MODULES = YES;
				CODE_SIGN_STYLE = Automatic;
				INFOPLIST_FILE = "N-PlateUITests/Info.plist";
				LD_RUNPATH_SEARCH_PATHS = (
					"$(inherited)",
					"@executable_path/Frameworks",
					"@loader_path/Frameworks",
				);
				PRODUCT_BUNDLE_IDENTIFIER = "com.nirma.N-PlateUITests";
				PRODUCT_NAME = "$(TARGET_NAME)";
				SWIFT_VERSION = 5.0;
				TARGETED_DEVICE_FAMILY = "1,2";
				TEST_TARGET_NAME = "N-Plate";
			};
			name = Release;
		};
/* End XCBuildConfiguration section */

/* Begin XCConfigurationList section */
		A50FAABD272D92DB00ED593C /* Build configuration list for PBXProject "N-Plate" */ = {
			isa = XCConfigurationList;
			buildConfigurations = (
				A50FAAEA272D92DB00ED593C /* Debug */,
				A50FAAEB272D92DB00ED593C /* Release */,
			);
			defaultConfigurationIsVisible = 0;
			defaultConfigurationName = Release;
		};
		A50FAAEC272D92DB00ED593C /* Build configuration list for PBXNativeTarget "N-Plate" */ = {
			isa = XCConfigurationList;
			buildConfigurations = (
				A50FAAED272D92DB00ED593C /* Debug */,
				A50FAAEE272D92DB00ED593C /* Release */,
			);
			defaultConfigurationIsVisible = 0;
			defaultConfigurationName = Release;
		};
		A50FAAEF272D92DB00ED593C /* Build configuration list for PBXNativeTarget "N-PlateTests" */ = {
			isa = XCConfigurationList;
			buildConfigurations = (
				A50FAAF0272D92DB00ED593C /* Debug */,
				A50FAAF1272D92DB00ED593C /* Release */,
			);
			defaultConfigurationIsVisible = 0;
			defaultConfigurationName = Release;
		};
		A50FAAF2272D92DB00ED593C /* Build configuration list for PBXNativeTarget "N-PlateUITests" */ = {
			isa = XCConfigurationList;
			buildConfigurations = (
				A50FAAF3272D92DB00ED593C /* Debug */,
				A50FAAF4272D92DB00ED593C /* Release */,
			);
			defaultConfigurationIsVisible = 0;
			defaultConfigurationName = Release;
		};
/* End XCConfigurationList section */

/* Begin XCRemoteSwiftPackageReference section */
		A51E379227331FBF009E6C5E /* XCRemoteSwiftPackageReference "SchedulerKit" */ = {
			isa = XCRemoteSwiftPackageReference;
			repositoryURL = "https://github.com/scheduler-kit/SchedulerKit";
			requirement = {
				branch = main;
				kind = branch;
			};
		};
		F444EA762731B13A009B1097 /* XCRemoteSwiftPackageReference "SnapKit" */ = {
			isa = XCRemoteSwiftPackageReference;
			repositoryURL = "https://github.com/SnapKit/SnapKit";
			requirement = {
				kind = upToNextMajorVersion;
				minimumVersion = 5.0.0;
			};
		};
/* End XCRemoteSwiftPackageReference section */

/* Begin XCSwiftPackageProductDependency section */
		A51E379327331FBF009E6C5E /* SchedulerKit */ = {
			isa = XCSwiftPackageProductDependency;
			package = A51E379227331FBF009E6C5E /* XCRemoteSwiftPackageReference "SchedulerKit" */;
			productName = SchedulerKit;
		};
		A51E379527331FBF009E6C5E /* SchedulerKitTestUtils */ = {
			isa = XCSwiftPackageProductDependency;
			package = A51E379227331FBF009E6C5E /* XCRemoteSwiftPackageReference "SchedulerKit" */;
			productName = SchedulerKitTestUtils;
		};
		F444EA772731B13A009B1097 /* SnapKit */ = {
			isa = XCSwiftPackageProductDependency;
			package = F444EA762731B13A009B1097 /* XCRemoteSwiftPackageReference "SnapKit" */;
			productName = SnapKit;
		};
/* End XCSwiftPackageProductDependency section */
	};
	rootObject = A50FAABA272D92DB00ED593C /* Project object */;
}
